// !$*UTF8*$!
{
	archiveVersion = 1;
	classes = {
	};
	objectVersion = 48;
	objects = {

/* Begin PBXBuildFile section */
		1126634D20115BF40040DDDE /* AppDelegate.swift in Sources */ = {isa = PBXBuildFile; fileRef = 1126634C20115BF40040DDDE /* AppDelegate.swift */; };
		1126634F20115BF40040DDDE /* ViewController.swift in Sources */ = {isa = PBXBuildFile; fileRef = 1126634E20115BF40040DDDE /* ViewController.swift */; };
		1126635220115BF40040DDDE /* Main.storyboard in Resources */ = {isa = PBXBuildFile; fileRef = 1126635020115BF40040DDDE /* Main.storyboard */; };
		1126635520115BF40040DDDE /* More_Requests.xcdatamodeld in Sources */ = {isa = PBXBuildFile; fileRef = 1126635320115BF40040DDDE /* More_Requests.xcdatamodeld */; };
		1126635720115BF40040DDDE /* Assets.xcassets in Resources */ = {isa = PBXBuildFile; fileRef = 1126635620115BF40040DDDE /* Assets.xcassets */; };
		1126635A20115BF40040DDDE /* LaunchScreen.storyboard in Resources */ = {isa = PBXBuildFile; fileRef = 1126635820115BF40040DDDE /* LaunchScreen.storyboard */; };
		1126636220115FCF0040DDDE /* Post.swift in Sources */ = {isa = PBXBuildFile; fileRef = 1126636120115FCF0040DDDE /* Post.swift */; };
/* End PBXBuildFile section */

/* Begin PBXFileReference section */
		1126634920115BF40040DDDE /* More Requests.app */ = {isa = PBXFileReference; explicitFileType = wrapper.application; includeInIndex = 0; path = "More Requests.app"; sourceTree = BUILT_PRODUCTS_DIR; };
		1126634C20115BF40040DDDE /* AppDelegate.swift */ = {isa = PBXFileReference; lastKnownFileType = sourcecode.swift; path = AppDelegate.swift; sourceTree = "<group>"; };
		1126634E20115BF40040DDDE /* ViewController.swift */ = {isa = PBXFileReference; lastKnownFileType = sourcecode.swift; path = ViewController.swift; sourceTree = "<group>"; };
		1126635120115BF40040DDDE /* Base */ = {isa = PBXFileReference; lastKnownFileType = file.storyboard; name = Base; path = Base.lproj/Main.storyboard; sourceTree = "<group>"; };
		1126635420115BF40040DDDE /* More_Requests.xcdatamodel */ = {isa = PBXFileReference; lastKnownFileType = wrapper.xcdatamodel; path = More_Requests.xcdatamodel; sourceTree = "<group>"; };
		1126635620115BF40040DDDE /* Assets.xcassets */ = {isa = PBXFileReference; lastKnownFileType = folder.assetcatalog; path = Assets.xcassets; sourceTree = "<group>"; };
		1126635920115BF40040DDDE /* Base */ = {isa = PBXFileReference; lastKnownFileType = file.storyboard; name = Base; path = Base.lproj/LaunchScreen.storyboard; sourceTree = "<group>"; };
		1126635B20115BF40040DDDE /* Info.plist */ = {isa = PBXFileReference; lastKnownFileType = text.plist.xml; path = Info.plist; sourceTree = "<group>"; };
		1126636120115FCF0040DDDE /* Post.swift */ = {isa = PBXFileReference; lastKnownFileType = sourcecode.swift; path = Post.swift; sourceTree = "<group>"; };
/* End PBXFileReference section */

/* Begin PBXFrameworksBuildPhase section */
		1126634620115BF40040DDDE /* Frameworks */ = {
			isa = PBXFrameworksBuildPhase;
			buildActionMask = 2147483647;
			files = (
			);
			runOnlyForDeploymentPostprocessing = 0;
		};
/* End PBXFrameworksBuildPhase section */

/* Begin PBXGroup section */
		1126634020115BF40040DDDE = {
			isa = PBXGroup;
			children = (
				1126634B20115BF40040DDDE /* More Requests */,
				1126634A20115BF40040DDDE /* Products */,
			);
			sourceTree = "<group>";
		};
		1126634A20115BF40040DDDE /* Products */ = {
			isa = PBXGroup;
			children = (
				1126634920115BF40040DDDE /* More Requests.app */,
			);
			name = Products;
			sourceTree = "<group>";
		};
		1126634B20115BF40040DDDE /* More Requests */ = {
			isa = PBXGroup;
			children = (
				1126634C20115BF40040DDDE /* AppDelegate.swift */,
				1126634E20115BF40040DDDE /* ViewController.swift */,
				1126635020115BF40040DDDE /* Main.storyboard */,
				1126636120115FCF0040DDDE /* Post.swift */,
				1126635620115BF40040DDDE /* Assets.xcassets */,
				1126635820115BF40040DDDE /* LaunchScreen.storyboard */,
				1126635B20115BF40040DDDE /* Info.plist */,
				1126635320115BF40040DDDE /* More_Requests.xcdatamodeld */,
			);
			path = "More Requests";
			sourceTree = "<group>";
		};
/* End PBXGroup section */

/* Begin PBXNativeTarget section */
		1126634820115BF40040DDDE /* More Requests */ = {
			isa = PBXNativeTarget;
			buildConfigurationList = 1126635E20115BF40040DDDE /* Build configuration list for PBXNativeTarget "More Requests" */;
			buildPhases = (
				1126634520115BF40040DDDE /* Sources */,
				1126634620115BF40040DDDE /* Frameworks */,
				1126634720115BF40040DDDE /* Resources */,
			);
			buildRules = (
			);
			dependencies = (
			);
			name = "More Requests";
			productName = "More Requests";
			productReference = 1126634920115BF40040DDDE /* More Requests.app */;
			productType = "com.apple.product-type.application";
		};
/* End PBXNativeTarget section */

/* Begin PBXProject section */
		1126634120115BF40040DDDE /* Project object */ = {
			isa = PBXProject;
			attributes = {
				LastSwiftUpdateCheck = 0920;
				LastUpgradeCheck = 0920;
				ORGANIZATIONNAME = "Aaron Miller";
				TargetAttributes = {
					1126634820115BF40040DDDE = {
						CreatedOnToolsVersion = 9.2;
						ProvisioningStyle = Automatic;
					};
				};
			};
			buildConfigurationList = 1126634420115BF40040DDDE /* Build configuration list for PBXProject "More Requests" */;
			compatibilityVersion = "Xcode 8.0";
			developmentRegion = en;
			hasScannedForEncodings = 0;
			knownRegions = (
				en,
				Base,
			);
			mainGroup = 1126634020115BF40040DDDE;
			productRefGroup = 1126634A20115BF40040DDDE /* Products */;
			projectDirPath = "";
			projectRoot = "";
			targets = (
				1126634820115BF40040DDDE /* More Requests */,
			);
		};
/* End PBXProject section */

/* Begin PBXResourcesBuildPhase section */
		1126634720115BF40040DDDE /* Resources */ = {
			isa = PBXResourcesBuildPhase;
			buildActionMask = 2147483647;
			files = (
				1126635A20115BF40040DDDE /* LaunchScreen.storyboard in Resources */,
				1126635720115BF40040DDDE /* Assets.xcassets in Resources */,
				1126635220115BF40040DDDE /* Main.storyboard in Resources */,
			);
			runOnlyForDeploymentPostprocessing = 0;
		};
/* End PBXResourcesBuildPhase section */

/* Begin PBXSourcesBuildPhase section */
		1126634520115BF40040DDDE /* Sources */ = {
			isa = PBXSourcesBuildPhase;
			buildActionMask = 2147483647;
			files = (
				1126634F20115BF40040DDDE /* ViewController.swift in Sources */,
				1126634D20115BF40040DDDE /* AppDelegate.swift in Sources */,
				1126635520115BF40040DDDE /* More_Requests.xcdatamodeld in Sources */,
				1126636220115FCF0040DDDE /* Post.swift in Sources */,
			);
			runOnlyForDeploymentPostprocessing = 0;
		};
/* End PBXSourcesBuildPhase section */

/* Begin PBXVariantGroup section */
		1126635020115BF40040DDDE /* Main.storyboard */ = {
			isa = PBXVariantGroup;
			children = (
				1126635120115BF40040DDDE /* Base */,
			);
			name = Main.storyboard;
			sourceTree = "<group>";
		};
		1126635820115BF40040DDDE /* LaunchScreen.storyboard */ = {
			isa = PBXVariantGroup;
			children = (
				1126635920115BF40040DDDE /* Base */,
			);
			name = LaunchScreen.storyboard;
			sourceTree = "<group>";
		};
/* End PBXVariantGroup section */

/* Begin XCBuildConfiguration section */
		1126635C20115BF40040DDDE /* Debug */ = {
			isa = XCBuildConfiguration;
			buildSettings = {
				ALWAYS_SEARCH_USER_PATHS = NO;
				CLANG_ANALYZER_NONNULL = YES;
				CLANG_ANALYZER_NUMBER_OBJECT_CONVERSION = YES_AGGRESSIVE;
				CLANG_CXX_LANGUAGE_STANDARD = "gnu++14";
				CLANG_CXX_LIBRARY = "libc++";
				CLANG_ENABLE_MODULES = YES;
				CLANG_ENABLE_OBJC_ARC = YES;
				CLANG_WARN_BLOCK_CAPTURE_AUTORELEASING = YES;
				CLANG_WARN_BOOL_CONVERSION = YES;
				CLANG_WARN_COMMA = YES;
				CLANG_WARN_CONSTANT_CONVERSION = YES;
				CLANG_WARN_DIRECT_OBJC_ISA_USAGE = YES_ERROR;
				CLANG_WARN_DOCUMENTATION_COMMENTS = YES;
				CLANG_WARN_EMPTY_BODY = YES;
				CLANG_WARN_ENUM_CONVERSION = YES;
				CLANG_WARN_INFINITE_RECURSION = YES;
				CLANG_WARN_INT_CONVERSION = YES;
				CLANG_WARN_NON_LITERAL_NULL_CONVERSION = YES;
				CLANG_WARN_OBJC_LITERAL_CONVERSION = YES;
				CLANG_WARN_OBJC_ROOT_CLASS = YES_ERROR;
				CLANG_WARN_RANGE_LOOP_ANALYSIS = YES;
				CLANG_WARN_STRICT_PROTOTYPES = YES;
				CLANG_WARN_SUSPICIOUS_MOVE = YES;
				CLANG_WARN_UNGUARDED_AVAILABILITY = YES_AGGRESSIVE;
				CLANG_WARN_UNREACHABLE_CODE = YES;
				CLANG_WARN__DUPLICATE_METHOD_MATCH = YES;
				CODE_SIGN_IDENTITY = "iPhone Developer";
				COPY_PHASE_STRIP = NO;
				DEBUG_INFORMATION_FORMAT = dwarf;
				ENABLE_STRICT_OBJC_MSGSEND = YES;
				ENABLE_TESTABILITY = YES;
				GCC_C_LANGUAGE_STANDARD = gnu11;
				GCC_DYNAMIC_NO_PIC = NO;
				GCC_NO_COMMON_BLOCKS = YES;
				GCC_OPTIMIZATION_LEVEL = 0;
				GCC_PREPROCESSOR_DEFINITIONS = (
					"DEBUG=1",
					"$(inherited)",
				);
				GCC_WARN_64_TO_32_BIT_CONVERSION = YES;
				GCC_WARN_ABOUT_RETURN_TYPE = YES_ERROR;
				GCC_WARN_UNDECLARED_SELECTOR = YES;
				GCC_WARN_UNINITIALIZED_AUTOS = YES_AGGRESSIVE;
				GCC_WARN_UNUSED_FUNCTION = YES;
				GCC_WARN_UNUSED_VARIABLE = YES;
				IPHONEOS_DEPLOYMENT_TARGET = 11.2;
				MTL_ENABLE_DEBUG_INFO = YES;
				ONLY_ACTIVE_ARCH = YES;
				SDKROOT = iphoneos;
				SWIFT_ACTIVE_COMPILATION_CONDITIONS = DEBUG;
				SWIFT_OPTIMIZATION_LEVEL = "-Onone";
			};
			name = Debug;
		};
		1126635D20115BF40040DDDE /* Release */ = {
			isa = XCBuildConfiguration;
			buildSettings = {
				ALWAYS_SEARCH_USER_PATHS = NO;
				CLANG_ANALYZER_NONNULL = YES;
				CLANG_ANALYZER_NUMBER_OBJECT_CONVERSION = YES_AGGRESSIVE;
				CLANG_CXX_LANGUAGE_STANDARD = "gnu++14";
				CLANG_CXX_LIBRARY = "libc++";
				CLANG_ENABLE_MODULES = YES;
				CLANG_ENABLE_OBJC_ARC = YES;
				CLANG_WARN_BLOCK_CAPTURE_AUTORELEASING = YES;
				CLANG_WARN_BOOL_CONVERSION = YES;
				CLANG_WARN_COMMA = YES;
				CLANG_WARN_CONSTANT_CONVERSION = YES;
				CLANG_WARN_DIRECT_OBJC_ISA_USAGE = YES_ERROR;
				CLANG_WARN_DOCUMENTATION_COMMENTS = YES;
				CLANG_WARN_EMPTY_BODY = YES;
				CLANG_WARN_ENUM_CONVERSION = YES;
				CLANG_WARN_INFINITE_RECURSION = YES;
				CLANG_WARN_INT_CONVERSION = YES;
				CLANG_WARN_NON_LITERAL_NULL_CONVERSION = YES;
				CLANG_WARN_OBJC_LITERAL_CONVERSION = YES;
				CLANG_WARN_OBJC_ROOT_CLASS = YES_ERROR;
				CLANG_WARN_RANGE_LOOP_ANALYSIS = YES;
				CLANG_WARN_STRICT_PROTOTYPES = YES;
				CLANG_WARN_SUSPICIOUS_MOVE = YES;
				CLANG_WARN_UNGUARDED_AVAILABILITY = YES_AGGRESSIVE;
				CLANG_WARN_UNREACHABLE_CODE = YES;
				CLANG_WARN__DUPLICATE_METHOD_MATCH = YES;
				CODE_SIGN_IDENTITY = "iPhone Developer";
				COPY_PHASE_STRIP = NO;
				DEBUG_INFORMATION_FORMAT = "dwarf-with-dsym";
				ENABLE_NS_ASSERTIONS = NO;
				ENABLE_STRICT_OBJC_MSGSEND = YES;
				GCC_C_LANGUAGE_STANDARD = gnu11;
				GCC_NO_COMMON_BLOCKS = YES;
				GCC_WARN_64_TO_32_BIT_CONVERSION = YES;
				GCC_WARN_ABOUT_RETURN_TYPE = YES_ERROR;
				GCC_WARN_UNDECLARED_SELECTOR = YES;
				GCC_WARN_UNINITIALIZED_AUTOS = YES_AGGRESSIVE;
				GCC_WARN_UNUSED_FUNCTION = YES;
				GCC_WARN_UNUSED_VARIABLE = YES;
				IPHONEOS_DEPLOYMENT_TARGET = 11.2;
				MTL_ENABLE_DEBUG_INFO = NO;
				SDKROOT = iphoneos;
				SWIFT_OPTIMIZATION_LEVEL = "-Owholemodule";
				VALIDATE_PRODUCT = YES;
			};
			name = Release;
		};
		1126635F20115BF40040DDDE /* Debug */ = {
			isa = XCBuildConfiguration;
			buildSettings = {
				ASSETCATALOG_COMPILER_APPICON_NAME = AppIcon;
				CODE_SIGN_STYLE = Automatic;
				DEVELOPMENT_TEAM = K8KL3WEJ6D;
				INFOPLIST_FILE = "More Requests/Info.plist";
				LD_RUNPATH_SEARCH_PATHS = "$(inherited) @executable_path/Frameworks";
				PRODUCT_BUNDLE_IDENTIFIER = "com.tCheck3.More-Requests";
				PRODUCT_NAME = "$(TARGET_NAME)";
				SWIFT_VERSION = 4.0;
				TARGETED_DEVICE_FAMILY = "1,2";
			};
			name = Debug;
		};
		1126636020115BF40040DDDE /* Release */ = {
			isa = XCBuildConfiguration;
			buildSettings = {
				ASSETCATALOG_COMPILER_APPICON_NAME = AppIcon;
				CODE_SIGN_STYLE = Automatic;
				DEVELOPMENT_TEAM = K8KL3WEJ6D;
				INFOPLIST_FILE = "More Requests/Info.plist";
				LD_RUNPATH_SEARCH_PATHS = "$(inherited) @executable_path/Frameworks";
				PRODUCT_BUNDLE_IDENTIFIER = "com.tCheck3.More-Requests";
				PRODUCT_NAME = "$(TARGET_NAME)";
				SWIFT_VERSION = 4.0;
				TARGETED_DEVICE_FAMILY = "1,2";
			};
			name = Release;
		};
/* End XCBuildConfiguration section */

/* Begin XCConfigurationList section */
		1126634420115BF40040DDDE /* Build configuration list for PBXProject "More Requests" */ = {
			isa = XCConfigurationList;
			buildConfigurations = (
				1126635C20115BF40040DDDE /* Debug */,
				1126635D20115BF40040DDDE /* Release */,
			);
			defaultConfigurationIsVisible = 0;
			defaultConfigurationName = Release;
		};
		1126635E20115BF40040DDDE /* Build configuration list for PBXNativeTarget "More Requests" */ = {
			isa = XCConfigurationList;
			buildConfigurations = (
				1126635F20115BF40040DDDE /* Debug */,
				1126636020115BF40040DDDE /* Release */,
			);
			defaultConfigurationIsVisible = 0;
			defaultConfigurationName = Release;
		};
/* End XCConfigurationList section */

/* Begin XCVersionGroup section */
		1126635320115BF40040DDDE /* More_Requests.xcdatamodeld */ = {
			isa = XCVersionGroup;
			children = (
				1126635420115BF40040DDDE /* More_Requests.xcdatamodel */,
			);
			currentVersion = 1126635420115BF40040DDDE /* More_Requests.xcdatamodel */;
			path = More_Requests.xcdatamodeld;
			sourceTree = "<group>";
			versionGroupType = wrapper.xcdatamodel;
		};
/* End XCVersionGroup section */
	};
	rootObject = 1126634120115BF40040DDDE /* Project object */;
}
