// !$*UTF8*$!
{
	archiveVersion = 1;
	classes = {
	};
	objectVersion = 48;
	objects = {

/* Begin PBXBuildFile section */
		110AC92F201564B200E00328 /* TableViewCell.swift in Sources */ = {isa = PBXBuildFile; fileRef = 110AC92E201564B200E00328 /* TableViewCell.swift */; };
		110AC93120156C0400E00328 /* TableViewController.swift in Sources */ = {isa = PBXBuildFile; fileRef = 110AC93020156C0400E00328 /* TableViewController.swift */; };
		110AC9342015703500E00328 /* Entity+CoreDataClass.swift in Sources */ = {isa = PBXBuildFile; fileRef = 110AC9322015703500E00328 /* Entity+CoreDataClass.swift */; };
		110AC9352015703500E00328 /* Entity+CoreDataProperties.swift in Sources */ = {isa = PBXBuildFile; fileRef = 110AC9332015703500E00328 /* Entity+CoreDataProperties.swift */; };
		111CE9172015870B00BB1762 /* AddViewController.swift in Sources */ = {isa = PBXBuildFile; fileRef = 111CE9162015870B00BB1762 /* AddViewController.swift */; };
		118DDFFC20148C1B00F22A89 /* AppDelegate.swift in Sources */ = {isa = PBXBuildFile; fileRef = 118DDFFB20148C1B00F22A89 /* AppDelegate.swift */; };
		118DE00120148C1B00F22A89 /* Main.storyboard in Resources */ = {isa = PBXBuildFile; fileRef = 118DDFFF20148C1B00F22A89 /* Main.storyboard */; };
		118DE00420148C1B00F22A89 /* Database.xcdatamodeld in Sources */ = {isa = PBXBuildFile; fileRef = 118DE00220148C1B00F22A89 /* Database.xcdatamodeld */; };
		118DE00620148C1B00F22A89 /* Assets.xcassets in Resources */ = {isa = PBXBuildFile; fileRef = 118DE00520148C1B00F22A89 /* Assets.xcassets */; };
		118DE00920148C1B00F22A89 /* LaunchScreen.storyboard in Resources */ = {isa = PBXBuildFile; fileRef = 118DE00720148C1B00F22A89 /* LaunchScreen.storyboard */; };
		118DE01220148C6F00F22A89 /* CoreData.framework in Frameworks */ = {isa = PBXBuildFile; fileRef = 118DE01120148C6F00F22A89 /* CoreData.framework */; };
/* End PBXBuildFile section */

/* Begin PBXFileReference section */
		110AC92E201564B200E00328 /* TableViewCell.swift */ = {isa = PBXFileReference; lastKnownFileType = sourcecode.swift; path = TableViewCell.swift; sourceTree = "<group>"; };
		110AC93020156C0400E00328 /* TableViewController.swift */ = {isa = PBXFileReference; lastKnownFileType = sourcecode.swift; path = TableViewController.swift; sourceTree = "<group>"; };
		110AC9322015703500E00328 /* Entity+CoreDataClass.swift */ = {isa = PBXFileReference; lastKnownFileType = sourcecode.swift; path = "Entity+CoreDataClass.swift"; sourceTree = "<group>"; };
		110AC9332015703500E00328 /* Entity+CoreDataProperties.swift */ = {isa = PBXFileReference; lastKnownFileType = sourcecode.swift; path = "Entity+CoreDataProperties.swift"; sourceTree = "<group>"; };
		111CE9162015870B00BB1762 /* AddViewController.swift */ = {isa = PBXFileReference; lastKnownFileType = sourcecode.swift; path = AddViewController.swift; sourceTree = "<group>"; };
		118DDFF820148C1B00F22A89 /* Database.app */ = {isa = PBXFileReference; explicitFileType = wrapper.application; includeInIndex = 0; path = Database.app; sourceTree = BUILT_PRODUCTS_DIR; };
		118DDFFB20148C1B00F22A89 /* AppDelegate.swift */ = {isa = PBXFileReference; lastKnownFileType = sourcecode.swift; path = AppDelegate.swift; sourceTree = "<group>"; };
		118DE00020148C1B00F22A89 /* Base */ = {isa = PBXFileReference; lastKnownFileType = file.storyboard; name = Base; path = Base.lproj/Main.storyboard; sourceTree = "<group>"; };
		118DE00320148C1B00F22A89 /* Database.xcdatamodel */ = {isa = PBXFileReference; lastKnownFileType = wrapper.xcdatamodel; path = Database.xcdatamodel; sourceTree = "<group>"; };
		118DE00520148C1B00F22A89 /* Assets.xcassets */ = {isa = PBXFileReference; lastKnownFileType = folder.assetcatalog; path = Assets.xcassets; sourceTree = "<group>"; };
		118DE00820148C1B00F22A89 /* Base */ = {isa = PBXFileReference; lastKnownFileType = file.storyboard; name = Base; path = Base.lproj/LaunchScreen.storyboard; sourceTree = "<group>"; };
		118DE00A20148C1B00F22A89 /* Info.plist */ = {isa = PBXFileReference; lastKnownFileType = text.plist.xml; path = Info.plist; sourceTree = "<group>"; };
		118DE01120148C6F00F22A89 /* CoreData.framework */ = {isa = PBXFileReference; lastKnownFileType = wrapper.framework; name = CoreData.framework; path = System/Library/Frameworks/CoreData.framework; sourceTree = SDKROOT; };
/* End PBXFileReference section */

/* Begin PBXFrameworksBuildPhase section */
		118DDFF520148C1A00F22A89 /* Frameworks */ = {
			isa = PBXFrameworksBuildPhase;
			buildActionMask = 2147483647;
			files = (
				118DE01220148C6F00F22A89 /* CoreData.framework in Frameworks */,
			);
			runOnlyForDeploymentPostprocessing = 0;
		};
/* End PBXFrameworksBuildPhase section */

/* Begin PBXGroup section */
		118DDFEF20148C1A00F22A89 = {
			isa = PBXGroup;
			children = (
				110AC9322015703500E00328 /* Entity+CoreDataClass.swift */,
				110AC9332015703500E00328 /* Entity+CoreDataProperties.swift */,
				118DDFFA20148C1B00F22A89 /* Database */,
				118DDFF920148C1B00F22A89 /* Products */,
				118DE01020148C6F00F22A89 /* Frameworks */,
			);
			sourceTree = "<group>";
		};
		118DDFF920148C1B00F22A89 /* Products */ = {
			isa = PBXGroup;
			children = (
				118DDFF820148C1B00F22A89 /* Database.app */,
			);
			name = Products;
			sourceTree = "<group>";
		};
		118DDFFA20148C1B00F22A89 /* Database */ = {
			isa = PBXGroup;
			children = (
				118DDFFB20148C1B00F22A89 /* AppDelegate.swift */,
				110AC92E201564B200E00328 /* TableViewCell.swift */,
				110AC93020156C0400E00328 /* TableViewController.swift */,
				111CE9162015870B00BB1762 /* AddViewController.swift */,
				118DDFFF20148C1B00F22A89 /* Main.storyboard */,
				118DE00720148C1B00F22A89 /* LaunchScreen.storyboard */,
				118DE00520148C1B00F22A89 /* Assets.xcassets */,
				118DE00A20148C1B00F22A89 /* Info.plist */,
				118DE00220148C1B00F22A89 /* Database.xcdatamodeld */,
			);
			path = Database;
			sourceTree = "<group>";
		};
		118DE01020148C6F00F22A89 /* Frameworks */ = {
			isa = PBXGroup;
			children = (
				118DE01120148C6F00F22A89 /* CoreData.framework */,
			);
			name = Frameworks;
			sourceTree = "<group>";
		};
/* End PBXGroup section */

/* Begin PBXNativeTarget section */
		118DDFF720148C1A00F22A89 /* Database */ = {
			isa = PBXNativeTarget;
			buildConfigurationList = 118DE00D20148C1B00F22A89 /* Build configuration list for PBXNativeTarget "Database" */;
			buildPhases = (
				118DDFF420148C1A00F22A89 /* Sources */,
				118DDFF520148C1A00F22A89 /* Frameworks */,
				118DDFF620148C1A00F22A89 /* Resources */,
			);
			buildRules = (
			);
			dependencies = (
			);
			name = Database;
			productName = Database;
			productReference = 118DDFF820148C1B00F22A89 /* Database.app */;
			productType = "com.apple.product-type.application";
		};
/* End PBXNativeTarget section */

/* Begin PBXProject section */
		118DDFF020148C1A00F22A89 /* Project object */ = {
			isa = PBXProject;
			attributes = {
				LastSwiftUpdateCheck = 0920;
				LastUpgradeCheck = 0920;
				ORGANIZATIONNAME = "Aaron Miller";
				TargetAttributes = {
					118DDFF720148C1A00F22A89 = {
						CreatedOnToolsVersion = 9.2;
						ProvisioningStyle = Automatic;
					};
				};
			};
			buildConfigurationList = 118DDFF320148C1A00F22A89 /* Build configuration list for PBXProject "Database" */;
			compatibilityVersion = "Xcode 8.0";
			developmentRegion = en;
			hasScannedForEncodings = 0;
			knownRegions = (
				en,
				Base,
			);
			mainGroup = 118DDFEF20148C1A00F22A89;
			productRefGroup = 118DDFF920148C1B00F22A89 /* Products */;
			projectDirPath = "";
			projectRoot = "";
			targets = (
				118DDFF720148C1A00F22A89 /* Database */,
			);
		};
/* End PBXProject section */

/* Begin PBXResourcesBuildPhase section */
		118DDFF620148C1A00F22A89 /* Resources */ = {
			isa = PBXResourcesBuildPhase;
			buildActionMask = 2147483647;
			files = (
				118DE00920148C1B00F22A89 /* LaunchScreen.storyboard in Resources */,
				118DE00620148C1B00F22A89 /* Assets.xcassets in Resources */,
				118DE00120148C1B00F22A89 /* Main.storyboard in Resources */,
			);
			runOnlyForDeploymentPostprocessing = 0;
		};
/* End PBXResourcesBuildPhase section */

/* Begin PBXSourcesBuildPhase section */
		118DDFF420148C1A00F22A89 /* Sources */ = {
			isa = PBXSourcesBuildPhase;
			buildActionMask = 2147483647;
			files = (
				110AC9352015703500E00328 /* Entity+CoreDataProperties.swift in Sources */,
				118DE00420148C1B00F22A89 /* Database.xcdatamodeld in Sources */,
				111CE9172015870B00BB1762 /* AddViewController.swift in Sources */,
				110AC92F201564B200E00328 /* TableViewCell.swift in Sources */,
				118DDFFC20148C1B00F22A89 /* AppDelegate.swift in Sources */,
				110AC9342015703500E00328 /* Entity+CoreDataClass.swift in Sources */,
				110AC93120156C0400E00328 /* TableViewController.swift in Sources */,
			);
			runOnlyForDeploymentPostprocessing = 0;
		};
/* End PBXSourcesBuildPhase section */

/* Begin PBXVariantGroup section */
		118DDFFF20148C1B00F22A89 /* Main.storyboard */ = {
			isa = PBXVariantGroup;
			children = (
				118DE00020148C1B00F22A89 /* Base */,
			);
			name = Main.storyboard;
			sourceTree = "<group>";
		};
		118DE00720148C1B00F22A89 /* LaunchScreen.storyboard */ = {
			isa = PBXVariantGroup;
			children = (
				118DE00820148C1B00F22A89 /* Base */,
			);
			name = LaunchScreen.storyboard;
			sourceTree = "<group>";
		};
/* End PBXVariantGroup section */

/* Begin XCBuildConfiguration section */
		118DE00B20148C1B00F22A89 /* Debug */ = {
			isa = XCBuildConfiguration;
			buildSettings = {
				ALWAYS_SEARCH_USER_PATHS = NO;
				CLANG_ANALYZER_NONNULL = YES;
				CLANG_ANALYZER_NUMBER_OBJECT_CONVERSION = YES_AGGRESSIVE;
				CLANG_CXX_LANGUAGE_STANDARD = "gnu++14";
				CLANG_CXX_LIBRARY = "libc++";
				CLANG_ENABLE_MODULES = YES;
				CLANG_ENABLE_OBJC_ARC = YES;
				CLANG_WARN_BLOCK_CAPTURE_AUTORELEASING = YES;
				CLANG_WARN_BOOL_CONVERSION = YES;
				CLANG_WARN_COMMA = YES;
				CLANG_WARN_CONSTANT_CONVERSION = YES;
				CLANG_WARN_DIRECT_OBJC_ISA_USAGE = YES_ERROR;
				CLANG_WARN_DOCUMENTATION_COMMENTS = YES;
				CLANG_WARN_EMPTY_BODY = YES;
				CLANG_WARN_ENUM_CONVERSION = YES;
				CLANG_WARN_INFINITE_RECURSION = YES;
				CLANG_WARN_INT_CONVERSION = YES;
				CLANG_WARN_NON_LITERAL_NULL_CONVERSION = YES;
				CLANG_WARN_OBJC_LITERAL_CONVERSION = YES;
				CLANG_WARN_OBJC_ROOT_CLASS = YES_ERROR;
				CLANG_WARN_RANGE_LOOP_ANALYSIS = YES;
				CLANG_WARN_STRICT_PROTOTYPES = YES;
				CLANG_WARN_SUSPICIOUS_MOVE = YES;
				CLANG_WARN_UNGUARDED_AVAILABILITY = YES_AGGRESSIVE;
				CLANG_WARN_UNREACHABLE_CODE = YES;
				CLANG_WARN__DUPLICATE_METHOD_MATCH = YES;
				CODE_SIGN_IDENTITY = "iPhone Developer";
				COPY_PHASE_STRIP = NO;
				DEBUG_INFORMATION_FORMAT = dwarf;
				ENABLE_STRICT_OBJC_MSGSEND = YES;
				ENABLE_TESTABILITY = YES;
				GCC_C_LANGUAGE_STANDARD = gnu11;
				GCC_DYNAMIC_NO_PIC = NO;
				GCC_NO_COMMON_BLOCKS = YES;
				GCC_OPTIMIZATION_LEVEL = 0;
				GCC_PREPROCESSOR_DEFINITIONS = (
					"DEBUG=1",
					"$(inherited)",
				);
				GCC_WARN_64_TO_32_BIT_CONVERSION = YES;
				GCC_WARN_ABOUT_RETURN_TYPE = YES_ERROR;
				GCC_WARN_UNDECLARED_SELECTOR = YES;
				GCC_WARN_UNINITIALIZED_AUTOS = YES_AGGRESSIVE;
				GCC_WARN_UNUSED_FUNCTION = YES;
				GCC_WARN_UNUSED_VARIABLE = YES;
				IPHONEOS_DEPLOYMENT_TARGET = 11.2;
				MTL_ENABLE_DEBUG_INFO = YES;
				ONLY_ACTIVE_ARCH = YES;
				SDKROOT = iphoneos;
				SWIFT_ACTIVE_COMPILATION_CONDITIONS = DEBUG;
				SWIFT_OPTIMIZATION_LEVEL = "-Onone";
			};
			name = Debug;
		};
		118DE00C20148C1B00F22A89 /* Release */ = {
			isa = XCBuildConfiguration;
			buildSettings = {
				ALWAYS_SEARCH_USER_PATHS = NO;
				CLANG_ANALYZER_NONNULL = YES;
				CLANG_ANALYZER_NUMBER_OBJECT_CONVERSION = YES_AGGRESSIVE;
				CLANG_CXX_LANGUAGE_STANDARD = "gnu++14";
				CLANG_CXX_LIBRARY = "libc++";
				CLANG_ENABLE_MODULES = YES;
				CLANG_ENABLE_OBJC_ARC = YES;
				CLANG_WARN_BLOCK_CAPTURE_AUTORELEASING = YES;
				CLANG_WARN_BOOL_CONVERSION = YES;
				CLANG_WARN_COMMA = YES;
				CLANG_WARN_CONSTANT_CONVERSION = YES;
				CLANG_WARN_DIRECT_OBJC_ISA_USAGE = YES_ERROR;
				CLANG_WARN_DOCUMENTATION_COMMENTS = YES;
				CLANG_WARN_EMPTY_BODY = YES;
				CLANG_WARN_ENUM_CONVERSION = YES;
				CLANG_WARN_INFINITE_RECURSION = YES;
				CLANG_WARN_INT_CONVERSION = YES;
				CLANG_WARN_NON_LITERAL_NULL_CONVERSION = YES;
				CLANG_WARN_OBJC_LITERAL_CONVERSION = YES;
				CLANG_WARN_OBJC_ROOT_CLASS = YES_ERROR;
				CLANG_WARN_RANGE_LOOP_ANALYSIS = YES;
				CLANG_WARN_STRICT_PROTOTYPES = YES;
				CLANG_WARN_SUSPICIOUS_MOVE = YES;
				CLANG_WARN_UNGUARDED_AVAILABILITY = YES_AGGRESSIVE;
				CLANG_WARN_UNREACHABLE_CODE = YES;
				CLANG_WARN__DUPLICATE_METHOD_MATCH = YES;
				CODE_SIGN_IDENTITY = "iPhone Developer";
				COPY_PHASE_STRIP = NO;
				DEBUG_INFORMATION_FORMAT = "dwarf-with-dsym";
				ENABLE_NS_ASSERTIONS = NO;
				ENABLE_STRICT_OBJC_MSGSEND = YES;
				GCC_C_LANGUAGE_STANDARD = gnu11;
				GCC_NO_COMMON_BLOCKS = YES;
				GCC_WARN_64_TO_32_BIT_CONVERSION = YES;
				GCC_WARN_ABOUT_RETURN_TYPE = YES_ERROR;
				GCC_WARN_UNDECLARED_SELECTOR = YES;
				GCC_WARN_UNINITIALIZED_AUTOS = YES_AGGRESSIVE;
				GCC_WARN_UNUSED_FUNCTION = YES;
				GCC_WARN_UNUSED_VARIABLE = YES;
				IPHONEOS_DEPLOYMENT_TARGET = 11.2;
				MTL_ENABLE_DEBUG_INFO = NO;
				SDKROOT = iphoneos;
				SWIFT_OPTIMIZATION_LEVEL = "-Owholemodule";
				VALIDATE_PRODUCT = YES;
			};
			name = Release;
		};
		118DE00E20148C1B00F22A89 /* Debug */ = {
			isa = XCBuildConfiguration;
			buildSettings = {
				ASSETCATALOG_COMPILER_APPICON_NAME = AppIcon;
				CODE_SIGN_STYLE = Automatic;
				DEVELOPMENT_TEAM = K8KL3WEJ6D;
				INFOPLIST_FILE = Database/Info.plist;
				LD_RUNPATH_SEARCH_PATHS = "$(inherited) @executable_path/Frameworks";
				PRODUCT_BUNDLE_IDENTIFIER = com.tCheck3.Database;
				PRODUCT_NAME = "$(TARGET_NAME)";
				SWIFT_VERSION = 4.0;
				TARGETED_DEVICE_FAMILY = "1,2";
			};
			name = Debug;
		};
		118DE00F20148C1B00F22A89 /* Release */ = {
			isa = XCBuildConfiguration;
			buildSettings = {
				ASSETCATALOG_COMPILER_APPICON_NAME = AppIcon;
				CODE_SIGN_STYLE = Automatic;
				DEVELOPMENT_TEAM = K8KL3WEJ6D;
				INFOPLIST_FILE = Database/Info.plist;
				LD_RUNPATH_SEARCH_PATHS = "$(inherited) @executable_path/Frameworks";
				PRODUCT_BUNDLE_IDENTIFIER = com.tCheck3.Database;
				PRODUCT_NAME = "$(TARGET_NAME)";
				SWIFT_VERSION = 4.0;
				TARGETED_DEVICE_FAMILY = "1,2";
			};
			name = Release;
		};
/* End XCBuildConfiguration section */

/* Begin XCConfigurationList section */
		118DDFF320148C1A00F22A89 /* Build configuration list for PBXProject "Database" */ = {
			isa = XCConfigurationList;
			buildConfigurations = (
				118DE00B20148C1B00F22A89 /* Debug */,
				118DE00C20148C1B00F22A89 /* Release */,
			);
			defaultConfigurationIsVisible = 0;
			defaultConfigurationName = Release;
		};
		118DE00D20148C1B00F22A89 /* Build configuration list for PBXNativeTarget "Database" */ = {
			isa = XCConfigurationList;
			buildConfigurations = (
				118DE00E20148C1B00F22A89 /* Debug */,
				118DE00F20148C1B00F22A89 /* Release */,
			);
			defaultConfigurationIsVisible = 0;
			defaultConfigurationName = Release;
		};
/* End XCConfigurationList section */

/* Begin XCVersionGroup section */
		118DE00220148C1B00F22A89 /* Database.xcdatamodeld */ = {
			isa = XCVersionGroup;
			children = (
				118DE00320148C1B00F22A89 /* Database.xcdatamodel */,
			);
			currentVersion = 118DE00320148C1B00F22A89 /* Database.xcdatamodel */;
			path = Database.xcdatamodeld;
			sourceTree = "<group>";
			versionGroupType = wrapper.xcdatamodel;
		};
/* End XCVersionGroup section */
	};
	rootObject = 118DDFF020148C1A00F22A89 /* Project object */;
}
