// !$*UTF8*$!
{
	archiveVersion = 1;
	classes = {
	};
	objectVersion = 48;
	objects = {

/* Begin PBXBuildFile section */
		113227BA2013C30200BB1940 /* test.m in Sources */ = {isa = PBXBuildFile; fileRef = 113227B92013C30200BB1940 /* test.m */; };
		1140BBC7201BD558008FE8AB /* ScannedPeripheral.swift in Sources */ = {isa = PBXBuildFile; fileRef = 1140BBC6201BD558008FE8AB /* ScannedPeripheral.swift */; };
		115979EA202B70440098FD51 /* AnimateVC.swift in Sources */ = {isa = PBXBuildFile; fileRef = 115979E9202B70440098FD51 /* AnimateVC.swift */; };
		1166788B20282E0F00805B9A /* DLFilesBackgroundVC.swift in Sources */ = {isa = PBXBuildFile; fileRef = 1166788A20282E0F00805B9A /* DLFilesBackgroundVC.swift */; };
		116BC58D202BAC19002FE0DC /* DeviceInfoVC.swift in Sources */ = {isa = PBXBuildFile; fileRef = 116BC58C202BAC18002FE0DC /* DeviceInfoVC.swift */; };
		1181A3CE20255EBA0081A950 /* PostRouter.swift in Sources */ = {isa = PBXBuildFile; fileRef = 1181A3CD20255EBA0081A950 /* PostRouter.swift */; };
		118E777720130D630052EB8C /* AppDelegate.swift in Sources */ = {isa = PBXBuildFile; fileRef = 118E777620130D630052EB8C /* AppDelegate.swift */; };
		118E777920130D630052EB8C /* ViewController.swift in Sources */ = {isa = PBXBuildFile; fileRef = 118E777820130D630052EB8C /* ViewController.swift */; };
		118E777C20130D630052EB8C /* Main.storyboard in Resources */ = {isa = PBXBuildFile; fileRef = 118E777A20130D630052EB8C /* Main.storyboard */; };
		118E777F20130D630052EB8C /* FacebookAppPermissions.xcdatamodeld in Sources */ = {isa = PBXBuildFile; fileRef = 118E777D20130D630052EB8C /* FacebookAppPermissions.xcdatamodeld */; };
		118E778120130D630052EB8C /* Assets.xcassets in Resources */ = {isa = PBXBuildFile; fileRef = 118E778020130D630052EB8C /* Assets.xcassets */; };
		118E778420130D630052EB8C /* LaunchScreen.storyboard in Resources */ = {isa = PBXBuildFile; fileRef = 118E778220130D630052EB8C /* LaunchScreen.storyboard */; };
		11A150AE202028D600B57545 /* PopupScannerVC.swift in Sources */ = {isa = PBXBuildFile; fileRef = 11A150AD202028D600B57545 /* PopupScannerVC.swift */; };
		11A6D0D620167E38002E6AB1 /* CreateAccountVC.swift in Sources */ = {isa = PBXBuildFile; fileRef = 11A6D0D520167E38002E6AB1 /* CreateAccountVC.swift */; };
		11A6D0D82016942F002E6AB1 /* GetVC.swift in Sources */ = {isa = PBXBuildFile; fileRef = 11A6D0D72016942F002E6AB1 /* GetVC.swift */; };
		11BE044E2019419C002FB21E /* BlueScannerVC.swift in Sources */ = {isa = PBXBuildFile; fileRef = 11BE044D2019419C002FB21E /* BlueScannerVC.swift */; };
		11BE0450201946BD002FB21E /* CoreBluetooth.framework in Frameworks */ = {isa = PBXBuildFile; fileRef = 11BE044F201946BD002FB21E /* CoreBluetooth.framework */; };
		11C02558202BD80A00BABD78 /* DeviceRouter.swift in Sources */ = {isa = PBXBuildFile; fileRef = 11C02557202BD80A00BABD78 /* DeviceRouter.swift */; };
		11C0255A202BD8F100BABD78 /* User.swift in Sources */ = {isa = PBXBuildFile; fileRef = 11C02559202BD8F100BABD78 /* User.swift */; };
		11D2FC06201FBD89007C41AA /* RouterVC.swift in Sources */ = {isa = PBXBuildFile; fileRef = 11D2FC05201FBD89007C41AA /* RouterVC.swift */; };
		11D2FC08201FDC3F007C41AA /* ScannerDelegate.swift in Sources */ = {isa = PBXBuildFile; fileRef = 11D2FC07201FDC3F007C41AA /* ScannerDelegate.swift */; };
		70D05A078CDC933FEDAF19CC /* Pods_FacebookAppPermissions.framework in Frameworks */ = {isa = PBXBuildFile; fileRef = 8B91E3117329690ED08A3ADE /* Pods_FacebookAppPermissions.framework */; };
/* End PBXBuildFile section */

/* Begin PBXFileReference section */
		113227B82013C30100BB1940 /* FacebookAppPermissions-Bridging-Header.h */ = {isa = PBXFileReference; lastKnownFileType = sourcecode.c.h; path = "FacebookAppPermissions-Bridging-Header.h"; sourceTree = "<group>"; };
		113227B92013C30200BB1940 /* test.m */ = {isa = PBXFileReference; lastKnownFileType = sourcecode.c.objc; path = test.m; sourceTree = "<group>"; };
		1140BBC6201BD558008FE8AB /* ScannedPeripheral.swift */ = {isa = PBXFileReference; lastKnownFileType = sourcecode.swift; path = ScannedPeripheral.swift; sourceTree = "<group>"; };
		115979E9202B70440098FD51 /* AnimateVC.swift */ = {isa = PBXFileReference; lastKnownFileType = sourcecode.swift; path = AnimateVC.swift; sourceTree = "<group>"; };
		1166788A20282E0F00805B9A /* DLFilesBackgroundVC.swift */ = {isa = PBXFileReference; lastKnownFileType = sourcecode.swift; path = DLFilesBackgroundVC.swift; sourceTree = "<group>"; };
		116BC58C202BAC18002FE0DC /* DeviceInfoVC.swift */ = {isa = PBXFileReference; lastKnownFileType = sourcecode.swift; path = DeviceInfoVC.swift; sourceTree = "<group>"; };
		1181A3CD20255EBA0081A950 /* PostRouter.swift */ = {isa = PBXFileReference; lastKnownFileType = sourcecode.swift; path = PostRouter.swift; sourceTree = "<group>"; };
		118E777320130D630052EB8C /* FacebookAppPermissions.app */ = {isa = PBXFileReference; explicitFileType = wrapper.application; includeInIndex = 0; path = FacebookAppPermissions.app; sourceTree = BUILT_PRODUCTS_DIR; };
		118E777620130D630052EB8C /* AppDelegate.swift */ = {isa = PBXFileReference; lastKnownFileType = sourcecode.swift; path = AppDelegate.swift; sourceTree = "<group>"; };
		118E777820130D630052EB8C /* ViewController.swift */ = {isa = PBXFileReference; lastKnownFileType = sourcecode.swift; path = ViewController.swift; sourceTree = "<group>"; };
		118E777B20130D630052EB8C /* Base */ = {isa = PBXFileReference; lastKnownFileType = file.storyboard; name = Base; path = Base.lproj/Main.storyboard; sourceTree = "<group>"; };
		118E777E20130D630052EB8C /* FacebookAppPermissions.xcdatamodel */ = {isa = PBXFileReference; lastKnownFileType = wrapper.xcdatamodel; path = FacebookAppPermissions.xcdatamodel; sourceTree = "<group>"; };
		118E778020130D630052EB8C /* Assets.xcassets */ = {isa = PBXFileReference; lastKnownFileType = folder.assetcatalog; path = Assets.xcassets; sourceTree = "<group>"; };
		118E778320130D630052EB8C /* Base */ = {isa = PBXFileReference; lastKnownFileType = file.storyboard; name = Base; path = Base.lproj/LaunchScreen.storyboard; sourceTree = "<group>"; };
		118E778520130D630052EB8C /* Info.plist */ = {isa = PBXFileReference; lastKnownFileType = text.plist.xml; path = Info.plist; sourceTree = "<group>"; };
		11A150AD202028D600B57545 /* PopupScannerVC.swift */ = {isa = PBXFileReference; lastKnownFileType = sourcecode.swift; path = PopupScannerVC.swift; sourceTree = "<group>"; };
		11A6D0D520167E38002E6AB1 /* CreateAccountVC.swift */ = {isa = PBXFileReference; lastKnownFileType = sourcecode.swift; path = CreateAccountVC.swift; sourceTree = "<group>"; };
		11A6D0D72016942F002E6AB1 /* GetVC.swift */ = {isa = PBXFileReference; lastKnownFileType = sourcecode.swift; path = GetVC.swift; sourceTree = "<group>"; };
		11BE044D2019419C002FB21E /* BlueScannerVC.swift */ = {isa = PBXFileReference; lastKnownFileType = sourcecode.swift; path = BlueScannerVC.swift; sourceTree = "<group>"; };
		11BE044F201946BD002FB21E /* CoreBluetooth.framework */ = {isa = PBXFileReference; lastKnownFileType = wrapper.framework; name = CoreBluetooth.framework; path = System/Library/Frameworks/CoreBluetooth.framework; sourceTree = SDKROOT; };
		11C02557202BD80A00BABD78 /* DeviceRouter.swift */ = {isa = PBXFileReference; lastKnownFileType = sourcecode.swift; path = DeviceRouter.swift; sourceTree = "<group>"; };
		11C02559202BD8F100BABD78 /* User.swift */ = {isa = PBXFileReference; lastKnownFileType = sourcecode.swift; path = User.swift; sourceTree = "<group>"; };
		11D2FC05201FBD89007C41AA /* RouterVC.swift */ = {isa = PBXFileReference; lastKnownFileType = sourcecode.swift; path = RouterVC.swift; sourceTree = "<group>"; };
		11D2FC07201FDC3F007C41AA /* ScannerDelegate.swift */ = {isa = PBXFileReference; lastKnownFileType = sourcecode.swift; path = ScannerDelegate.swift; sourceTree = "<group>"; };
		8B91E3117329690ED08A3ADE /* Pods_FacebookAppPermissions.framework */ = {isa = PBXFileReference; explicitFileType = wrapper.framework; includeInIndex = 0; path = Pods_FacebookAppPermissions.framework; sourceTree = BUILT_PRODUCTS_DIR; };
		BCB919288A644AE69A75E86C /* Pods-FacebookAppPermissions.debug.xcconfig */ = {isa = PBXFileReference; includeInIndex = 1; lastKnownFileType = text.xcconfig; name = "Pods-FacebookAppPermissions.debug.xcconfig"; path = "Pods/Target Support Files/Pods-FacebookAppPermissions/Pods-FacebookAppPermissions.debug.xcconfig"; sourceTree = "<group>"; };
		F3762D2344933E4F6BE27D90 /* Pods-FacebookAppPermissions.release.xcconfig */ = {isa = PBXFileReference; includeInIndex = 1; lastKnownFileType = text.xcconfig; name = "Pods-FacebookAppPermissions.release.xcconfig"; path = "Pods/Target Support Files/Pods-FacebookAppPermissions/Pods-FacebookAppPermissions.release.xcconfig"; sourceTree = "<group>"; };
/* End PBXFileReference section */

/* Begin PBXFrameworksBuildPhase section */
		118E777020130D630052EB8C /* Frameworks */ = {
			isa = PBXFrameworksBuildPhase;
			buildActionMask = 2147483647;
			files = (
				11BE0450201946BD002FB21E /* CoreBluetooth.framework in Frameworks */,
				70D05A078CDC933FEDAF19CC /* Pods_FacebookAppPermissions.framework in Frameworks */,
			);
			runOnlyForDeploymentPostprocessing = 0;
		};
/* End PBXFrameworksBuildPhase section */

/* Begin PBXGroup section */
		002028F606F86701F8B9CF32 /* Pods */ = {
			isa = PBXGroup;
			children = (
				BCB919288A644AE69A75E86C /* Pods-FacebookAppPermissions.debug.xcconfig */,
				F3762D2344933E4F6BE27D90 /* Pods-FacebookAppPermissions.release.xcconfig */,
			);
			name = Pods;
			sourceTree = "<group>";
		};
		115979E8202B6D1E0098FD51 /* Animate */ = {
			isa = PBXGroup;
			children = (
				115979E9202B70440098FD51 /* AnimateVC.swift */,
			);
			path = Animate;
			sourceTree = "<group>";
		};
		1166788720282B7E00805B9A /* Downloads */ = {
			isa = PBXGroup;
			children = (
				1166788A20282E0F00805B9A /* DLFilesBackgroundVC.swift */,
			);
			path = Downloads;
			sourceTree = "<group>";
		};
		118E776A20130D630052EB8C = {
			isa = PBXGroup;
			children = (
				118E777520130D630052EB8C /* FacebookAppPermissions */,
				118E777420130D630052EB8C /* Products */,
				002028F606F86701F8B9CF32 /* Pods */,
				27758DBF6391EC0A03AE43C7 /* Frameworks */,
			);
			sourceTree = "<group>";
		};
		118E777420130D630052EB8C /* Products */ = {
			isa = PBXGroup;
			children = (
				118E777320130D630052EB8C /* FacebookAppPermissions.app */,
			);
			name = Products;
			sourceTree = "<group>";
		};
		118E777520130D630052EB8C /* FacebookAppPermissions */ = {
			isa = PBXGroup;
			children = (
				118E777620130D630052EB8C /* AppDelegate.swift */,
				11C0255B202BE1E800BABD78 /* View Controller */,
				11C02556202BD7EE00BABD78 /* Schemas */,
				115979E8202B6D1E0098FD51 /* Animate */,
				1166788720282B7E00805B9A /* Downloads */,
				11BE044C20194179002FB21E /* Bluetooth */,
				118E778020130D630052EB8C /* Assets.xcassets */,
				118E777A20130D630052EB8C /* Main.storyboard */,
				118E778220130D630052EB8C /* LaunchScreen.storyboard */,
				118E778520130D630052EB8C /* Info.plist */,
				113227B92013C30200BB1940 /* test.m */,
				113227B82013C30100BB1940 /* FacebookAppPermissions-Bridging-Header.h */,
				118E777D20130D630052EB8C /* FacebookAppPermissions.xcdatamodeld */,
			);
			path = FacebookAppPermissions;
			sourceTree = "<group>";
		};
		11BE044C20194179002FB21E /* Bluetooth */ = {
			isa = PBXGroup;
			children = (
				11BE044D2019419C002FB21E /* BlueScannerVC.swift */,
				1140BBC6201BD558008FE8AB /* ScannedPeripheral.swift */,
				11D2FC07201FDC3F007C41AA /* ScannerDelegate.swift */,
				11A150AD202028D600B57545 /* PopupScannerVC.swift */,
			);
			path = Bluetooth;
			sourceTree = "<group>";
		};
		11C02556202BD7EE00BABD78 /* Schemas */ = {
			isa = PBXGroup;
			children = (
				1181A3CD20255EBA0081A950 /* PostRouter.swift */,
				11C02557202BD80A00BABD78 /* DeviceRouter.swift */,
				11C02559202BD8F100BABD78 /* User.swift */,
			);
			path = Schemas;
			sourceTree = "<group>";
		};
		11C0255B202BE1E800BABD78 /* View Controller */ = {
			isa = PBXGroup;
			children = (
				118E777820130D630052EB8C /* ViewController.swift */,
				11A6D0D520167E38002E6AB1 /* CreateAccountVC.swift */,
				11D2FC05201FBD89007C41AA /* RouterVC.swift */,
				116BC58C202BAC18002FE0DC /* DeviceInfoVC.swift */,
				11A6D0D72016942F002E6AB1 /* GetVC.swift */,
			);
			path = "View Controller";
			sourceTree = "<group>";
		};
		27758DBF6391EC0A03AE43C7 /* Frameworks */ = {
			isa = PBXGroup;
			children = (
				11BE044F201946BD002FB21E /* CoreBluetooth.framework */,
				8B91E3117329690ED08A3ADE /* Pods_FacebookAppPermissions.framework */,
			);
			name = Frameworks;
			sourceTree = "<group>";
		};
/* End PBXGroup section */

/* Begin PBXNativeTarget section */
		118E777220130D630052EB8C /* FacebookAppPermissions */ = {
			isa = PBXNativeTarget;
			buildConfigurationList = 118E778820130D630052EB8C /* Build configuration list for PBXNativeTarget "FacebookAppPermissions" */;
			buildPhases = (
				AA0DE2E9D712F5E4A6AF3B87 /* [CP] Check Pods Manifest.lock */,
				118E776F20130D630052EB8C /* Sources */,
				118E777020130D630052EB8C /* Frameworks */,
				118E777120130D630052EB8C /* Resources */,
				260E2BEA3DE17000E8DD9F26 /* [CP] Embed Pods Frameworks */,
				3A6C1AA85D6D452724ECDADB /* [CP] Copy Pods Resources */,
			);
			buildRules = (
			);
			dependencies = (
			);
			name = FacebookAppPermissions;
			productName = FacebookAppPermissions;
			productReference = 118E777320130D630052EB8C /* FacebookAppPermissions.app */;
			productType = "com.apple.product-type.application";
		};
/* End PBXNativeTarget section */

/* Begin PBXProject section */
		118E776B20130D630052EB8C /* Project object */ = {
			isa = PBXProject;
			attributes = {
				LastSwiftUpdateCheck = 0920;
				LastUpgradeCheck = 0920;
				ORGANIZATIONNAME = "Aaron Miller";
				TargetAttributes = {
					118E777220130D630052EB8C = {
						CreatedOnToolsVersion = 9.2;
						LastSwiftMigration = 0920;
						ProvisioningStyle = Automatic;
						SystemCapabilities = {
							com.apple.BackgroundModes = {
								enabled = 1;
							};
						};
					};
				};
			};
			buildConfigurationList = 118E776E20130D630052EB8C /* Build configuration list for PBXProject "FacebookAppPermissions" */;
			compatibilityVersion = "Xcode 8.0";
			developmentRegion = en;
			hasScannedForEncodings = 0;
			knownRegions = (
				en,
				Base,
			);
			mainGroup = 118E776A20130D630052EB8C;
			productRefGroup = 118E777420130D630052EB8C /* Products */;
			projectDirPath = "";
			projectRoot = "";
			targets = (
				118E777220130D630052EB8C /* FacebookAppPermissions */,
			);
		};
/* End PBXProject section */

/* Begin PBXResourcesBuildPhase section */
		118E777120130D630052EB8C /* Resources */ = {
			isa = PBXResourcesBuildPhase;
			buildActionMask = 2147483647;
			files = (
				118E778420130D630052EB8C /* LaunchScreen.storyboard in Resources */,
				118E778120130D630052EB8C /* Assets.xcassets in Resources */,
				118E777C20130D630052EB8C /* Main.storyboard in Resources */,
			);
			runOnlyForDeploymentPostprocessing = 0;
		};
/* End PBXResourcesBuildPhase section */

/* Begin PBXShellScriptBuildPhase section */
		260E2BEA3DE17000E8DD9F26 /* [CP] Embed Pods Frameworks */ = {
			isa = PBXShellScriptBuildPhase;
			buildActionMask = 2147483647;
			files = (
			);
			inputPaths = (
				"${SRCROOT}/Pods/Target Support Files/Pods-FacebookAppPermissions/Pods-FacebookAppPermissions-frameworks.sh",
				"${BUILT_PRODUCTS_DIR}/Bolts/Bolts.framework",
				"${BUILT_PRODUCTS_DIR}/FBSDKCoreKit/FBSDKCoreKit.framework",
				"${BUILT_PRODUCTS_DIR}/FBSDKLoginKit/FBSDKLoginKit.framework",
				"${BUILT_PRODUCTS_DIR}/FBSDKShareKit/FBSDKShareKit.framework",
			);
			name = "[CP] Embed Pods Frameworks";
			outputPaths = (
				"${TARGET_BUILD_DIR}/${FRAMEWORKS_FOLDER_PATH}/Bolts.framework",
				"${TARGET_BUILD_DIR}/${FRAMEWORKS_FOLDER_PATH}/FBSDKCoreKit.framework",
				"${TARGET_BUILD_DIR}/${FRAMEWORKS_FOLDER_PATH}/FBSDKLoginKit.framework",
				"${TARGET_BUILD_DIR}/${FRAMEWORKS_FOLDER_PATH}/FBSDKShareKit.framework",
			);
			runOnlyForDeploymentPostprocessing = 0;
			shellPath = /bin/sh;
			shellScript = "\"${SRCROOT}/Pods/Target Support Files/Pods-FacebookAppPermissions/Pods-FacebookAppPermissions-frameworks.sh\"\n";
			showEnvVarsInLog = 0;
		};
		3A6C1AA85D6D452724ECDADB /* [CP] Copy Pods Resources */ = {
			isa = PBXShellScriptBuildPhase;
			buildActionMask = 2147483647;
			files = (
			);
			inputPaths = (
			);
			name = "[CP] Copy Pods Resources";
			outputPaths = (
			);
			runOnlyForDeploymentPostprocessing = 0;
			shellPath = /bin/sh;
			shellScript = "\"${SRCROOT}/Pods/Target Support Files/Pods-FacebookAppPermissions/Pods-FacebookAppPermissions-resources.sh\"\n";
			showEnvVarsInLog = 0;
		};
		AA0DE2E9D712F5E4A6AF3B87 /* [CP] Check Pods Manifest.lock */ = {
			isa = PBXShellScriptBuildPhase;
			buildActionMask = 2147483647;
			files = (
			);
			inputPaths = (
				"${PODS_PODFILE_DIR_PATH}/Podfile.lock",
				"${PODS_ROOT}/Manifest.lock",
			);
			name = "[CP] Check Pods Manifest.lock";
			outputPaths = (
				"$(DERIVED_FILE_DIR)/Pods-FacebookAppPermissions-checkManifestLockResult.txt",
			);
			runOnlyForDeploymentPostprocessing = 0;
			shellPath = /bin/sh;
			shellScript = "diff \"${PODS_PODFILE_DIR_PATH}/Podfile.lock\" \"${PODS_ROOT}/Manifest.lock\" > /dev/null\nif [ $? != 0 ] ; then\n    # print error to STDERR\n    echo \"error: The sandbox is not in sync with the Podfile.lock. Run 'pod install' or update your CocoaPods installation.\" >&2\n    exit 1\nfi\n# This output is used by Xcode 'outputs' to avoid re-running this script phase.\necho \"SUCCESS\" > \"${SCRIPT_OUTPUT_FILE_0}\"\n";
			showEnvVarsInLog = 0;
		};
/* End PBXShellScriptBuildPhase section */

/* Begin PBXSourcesBuildPhase section */
		118E776F20130D630052EB8C /* Sources */ = {
			isa = PBXSourcesBuildPhase;
			buildActionMask = 2147483647;
			files = (
				118E777F20130D630052EB8C /* FacebookAppPermissions.xcdatamodeld in Sources */,
				116BC58D202BAC19002FE0DC /* DeviceInfoVC.swift in Sources */,
				11A6D0D82016942F002E6AB1 /* GetVC.swift in Sources */,
				115979EA202B70440098FD51 /* AnimateVC.swift in Sources */,
				113227BA2013C30200BB1940 /* test.m in Sources */,
				11BE044E2019419C002FB21E /* BlueScannerVC.swift in Sources */,
				11D2FC06201FBD89007C41AA /* RouterVC.swift in Sources */,
				11C0255A202BD8F100BABD78 /* User.swift in Sources */,
				11C02558202BD80A00BABD78 /* DeviceRouter.swift in Sources */,
				11D2FC08201FDC3F007C41AA /* ScannerDelegate.swift in Sources */,
				118E777920130D630052EB8C /* ViewController.swift in Sources */,
				11A6D0D620167E38002E6AB1 /* CreateAccountVC.swift in Sources */,
				1166788B20282E0F00805B9A /* DLFilesBackgroundVC.swift in Sources */,
				1140BBC7201BD558008FE8AB /* ScannedPeripheral.swift in Sources */,
				11A150AE202028D600B57545 /* PopupScannerVC.swift in Sources */,
				1181A3CE20255EBA0081A950 /* PostRouter.swift in Sources */,
				118E777720130D630052EB8C /* AppDelegate.swift in Sources */,
			);
			runOnlyForDeploymentPostprocessing = 0;
		};
/* End PBXSourcesBuildPhase section */

/* Begin PBXVariantGroup section */
		118E777A20130D630052EB8C /* Main.storyboard */ = {
			isa = PBXVariantGroup;
			children = (
				118E777B20130D630052EB8C /* Base */,
			);
			name = Main.storyboard;
			sourceTree = "<group>";
		};
		118E778220130D630052EB8C /* LaunchScreen.storyboard */ = {
			isa = PBXVariantGroup;
			children = (
				118E778320130D630052EB8C /* Base */,
			);
			name = LaunchScreen.storyboard;
			sourceTree = "<group>";
		};
/* End PBXVariantGroup section */

/* Begin XCBuildConfiguration section */
		118E778620130D630052EB8C /* Debug */ = {
			isa = XCBuildConfiguration;
			buildSettings = {
				ALWAYS_SEARCH_USER_PATHS = NO;
				CLANG_ANALYZER_NONNULL = YES;
				CLANG_ANALYZER_NUMBER_OBJECT_CONVERSION = YES_AGGRESSIVE;
				CLANG_CXX_LANGUAGE_STANDARD = "gnu++14";
				CLANG_CXX_LIBRARY = "libc++";
				CLANG_ENABLE_MODULES = YES;
				CLANG_ENABLE_OBJC_ARC = YES;
				CLANG_WARN_BLOCK_CAPTURE_AUTORELEASING = YES;
				CLANG_WARN_BOOL_CONVERSION = YES;
				CLANG_WARN_COMMA = YES;
				CLANG_WARN_CONSTANT_CONVERSION = YES;
				CLANG_WARN_DIRECT_OBJC_ISA_USAGE = YES_ERROR;
				CLANG_WARN_DOCUMENTATION_COMMENTS = YES;
				CLANG_WARN_EMPTY_BODY = YES;
				CLANG_WARN_ENUM_CONVERSION = YES;
				CLANG_WARN_INFINITE_RECURSION = YES;
				CLANG_WARN_INT_CONVERSION = YES;
				CLANG_WARN_NON_LITERAL_NULL_CONVERSION = YES;
				CLANG_WARN_OBJC_LITERAL_CONVERSION = YES;
				CLANG_WARN_OBJC_ROOT_CLASS = YES_ERROR;
				CLANG_WARN_RANGE_LOOP_ANALYSIS = YES;
				CLANG_WARN_STRICT_PROTOTYPES = YES;
				CLANG_WARN_SUSPICIOUS_MOVE = YES;
				CLANG_WARN_UNGUARDED_AVAILABILITY = YES_AGGRESSIVE;
				CLANG_WARN_UNREACHABLE_CODE = YES;
				CLANG_WARN__DUPLICATE_METHOD_MATCH = YES;
				CODE_SIGN_IDENTITY = "iPhone Developer";
				COPY_PHASE_STRIP = NO;
				DEBUG_INFORMATION_FORMAT = dwarf;
				ENABLE_STRICT_OBJC_MSGSEND = YES;
				ENABLE_TESTABILITY = YES;
				GCC_C_LANGUAGE_STANDARD = gnu11;
				GCC_DYNAMIC_NO_PIC = NO;
				GCC_NO_COMMON_BLOCKS = YES;
				GCC_OPTIMIZATION_LEVEL = 0;
				GCC_PREPROCESSOR_DEFINITIONS = (
					"DEBUG=1",
					"$(inherited)",
				);
				GCC_WARN_64_TO_32_BIT_CONVERSION = YES;
				GCC_WARN_ABOUT_RETURN_TYPE = YES_ERROR;
				GCC_WARN_UNDECLARED_SELECTOR = YES;
				GCC_WARN_UNINITIALIZED_AUTOS = YES_AGGRESSIVE;
				GCC_WARN_UNUSED_FUNCTION = YES;
				GCC_WARN_UNUSED_VARIABLE = YES;
				IPHONEOS_DEPLOYMENT_TARGET = 11.2;
				MTL_ENABLE_DEBUG_INFO = YES;
				ONLY_ACTIVE_ARCH = YES;
				SDKROOT = iphoneos;
				SWIFT_ACTIVE_COMPILATION_CONDITIONS = DEBUG;
				SWIFT_OPTIMIZATION_LEVEL = "-Onone";
			};
			name = Debug;
		};
		118E778720130D630052EB8C /* Release */ = {
			isa = XCBuildConfiguration;
			buildSettings = {
				ALWAYS_SEARCH_USER_PATHS = NO;
				CLANG_ANALYZER_NONNULL = YES;
				CLANG_ANALYZER_NUMBER_OBJECT_CONVERSION = YES_AGGRESSIVE;
				CLANG_CXX_LANGUAGE_STANDARD = "gnu++14";
				CLANG_CXX_LIBRARY = "libc++";
				CLANG_ENABLE_MODULES = YES;
				CLANG_ENABLE_OBJC_ARC = YES;
				CLANG_WARN_BLOCK_CAPTURE_AUTORELEASING = YES;
				CLANG_WARN_BOOL_CONVERSION = YES;
				CLANG_WARN_COMMA = YES;
				CLANG_WARN_CONSTANT_CONVERSION = YES;
				CLANG_WARN_DIRECT_OBJC_ISA_USAGE = YES_ERROR;
				CLANG_WARN_DOCUMENTATION_COMMENTS = YES;
				CLANG_WARN_EMPTY_BODY = YES;
				CLANG_WARN_ENUM_CONVERSION = YES;
				CLANG_WARN_INFINITE_RECURSION = YES;
				CLANG_WARN_INT_CONVERSION = YES;
				CLANG_WARN_NON_LITERAL_NULL_CONVERSION = YES;
				CLANG_WARN_OBJC_LITERAL_CONVERSION = YES;
				CLANG_WARN_OBJC_ROOT_CLASS = YES_ERROR;
				CLANG_WARN_RANGE_LOOP_ANALYSIS = YES;
				CLANG_WARN_STRICT_PROTOTYPES = YES;
				CLANG_WARN_SUSPICIOUS_MOVE = YES;
				CLANG_WARN_UNGUARDED_AVAILABILITY = YES_AGGRESSIVE;
				CLANG_WARN_UNREACHABLE_CODE = YES;
				CLANG_WARN__DUPLICATE_METHOD_MATCH = YES;
				CODE_SIGN_IDENTITY = "iPhone Developer";
				COPY_PHASE_STRIP = NO;
				DEBUG_INFORMATION_FORMAT = "dwarf-with-dsym";
				ENABLE_NS_ASSERTIONS = NO;
				ENABLE_STRICT_OBJC_MSGSEND = YES;
				GCC_C_LANGUAGE_STANDARD = gnu11;
				GCC_NO_COMMON_BLOCKS = YES;
				GCC_WARN_64_TO_32_BIT_CONVERSION = YES;
				GCC_WARN_ABOUT_RETURN_TYPE = YES_ERROR;
				GCC_WARN_UNDECLARED_SELECTOR = YES;
				GCC_WARN_UNINITIALIZED_AUTOS = YES_AGGRESSIVE;
				GCC_WARN_UNUSED_FUNCTION = YES;
				GCC_WARN_UNUSED_VARIABLE = YES;
				IPHONEOS_DEPLOYMENT_TARGET = 11.2;
				MTL_ENABLE_DEBUG_INFO = NO;
				SDKROOT = iphoneos;
				SWIFT_OPTIMIZATION_LEVEL = "-Owholemodule";
				VALIDATE_PRODUCT = YES;
			};
			name = Release;
		};
		118E778920130D630052EB8C /* Debug */ = {
			isa = XCBuildConfiguration;
			baseConfigurationReference = BCB919288A644AE69A75E86C /* Pods-FacebookAppPermissions.debug.xcconfig */;
			buildSettings = {
				ASSETCATALOG_COMPILER_APPICON_NAME = AppIcon;
				CLANG_ENABLE_MODULES = YES;
				CODE_SIGN_STYLE = Automatic;
				DEVELOPMENT_TEAM = K8KL3WEJ6D;
				INFOPLIST_FILE = FacebookAppPermissions/Info.plist;
				IPHONEOS_DEPLOYMENT_TARGET = 11.0;
				LD_RUNPATH_SEARCH_PATHS = "$(inherited) @executable_path/Frameworks";
				PRODUCT_BUNDLE_IDENTIFIER = com.tCheckNetworking;
				PRODUCT_NAME = "$(TARGET_NAME)";
				SWIFT_OBJC_BRIDGING_HEADER = "FacebookAppPermissions/FacebookAppPermissions-Bridging-Header.h";
				SWIFT_OPTIMIZATION_LEVEL = "-Onone";
				SWIFT_VERSION = 4.0;
				TARGETED_DEVICE_FAMILY = "1,2";
			};
			name = Debug;
		};
		118E778A20130D630052EB8C /* Release */ = {
			isa = XCBuildConfiguration;
			baseConfigurationReference = F3762D2344933E4F6BE27D90 /* Pods-FacebookAppPermissions.release.xcconfig */;
			buildSettings = {
				ASSETCATALOG_COMPILER_APPICON_NAME = AppIcon;
				CLANG_ENABLE_MODULES = YES;
				CODE_SIGN_STYLE = Automatic;
				DEVELOPMENT_TEAM = K8KL3WEJ6D;
				INFOPLIST_FILE = FacebookAppPermissions/Info.plist;
				IPHONEOS_DEPLOYMENT_TARGET = 11.0;
				LD_RUNPATH_SEARCH_PATHS = "$(inherited) @executable_path/Frameworks";
				PRODUCT_BUNDLE_IDENTIFIER = com.tCheckNetworking;
				PRODUCT_NAME = "$(TARGET_NAME)";
				SWIFT_OBJC_BRIDGING_HEADER = "FacebookAppPermissions/FacebookAppPermissions-Bridging-Header.h";
				SWIFT_VERSION = 4.0;
				TARGETED_DEVICE_FAMILY = "1,2";
			};
			name = Release;
		};
/* End XCBuildConfiguration section */

/* Begin XCConfigurationList section */
		118E776E20130D630052EB8C /* Build configuration list for PBXProject "FacebookAppPermissions" */ = {
			isa = XCConfigurationList;
			buildConfigurations = (
				118E778620130D630052EB8C /* Debug */,
				118E778720130D630052EB8C /* Release */,
			);
			defaultConfigurationIsVisible = 0;
			defaultConfigurationName = Release;
		};
		118E778820130D630052EB8C /* Build configuration list for PBXNativeTarget "FacebookAppPermissions" */ = {
			isa = XCConfigurationList;
			buildConfigurations = (
				118E778920130D630052EB8C /* Debug */,
				118E778A20130D630052EB8C /* Release */,
			);
			defaultConfigurationIsVisible = 0;
			defaultConfigurationName = Release;
		};
/* End XCConfigurationList section */

/* Begin XCVersionGroup section */
		118E777D20130D630052EB8C /* FacebookAppPermissions.xcdatamodeld */ = {
			isa = XCVersionGroup;
			children = (
				118E777E20130D630052EB8C /* FacebookAppPermissions.xcdatamodel */,
			);
			currentVersion = 118E777E20130D630052EB8C /* FacebookAppPermissions.xcdatamodel */;
			path = FacebookAppPermissions.xcdatamodeld;
			sourceTree = "<group>";
			versionGroupType = wrapper.xcdatamodel;
		};
/* End XCVersionGroup section */
	};
	rootObject = 118E776B20130D630052EB8C /* Project object */;
}
